
Microsoft Visual Studio Solution File, Format Version 12.00
Project("{FAE04EC0-301F-11D3-BF4B-00C04F79EFBC}") = "YushkevychAndriiRobotChallange", "YushkevychAndriiRobotChallange\YushkevychAndriiRobotChallange.csproj", "{F5A4F456-9199-45CA-A934-E6EC972A3737}"
EndProject
Project("{FAE04EC0-301F-11D3-BF4B-00C04F79EFBC}") = "RobotTests", "RobotTests\RobotTests.csproj", "{3E2D6B10-0227-403D-85B8-3C16C6BD4E27}"
EndProject
Global
	GlobalSection(SolutionConfigurationPlatforms) = preSolution
		Debug|Any CPU = Debug|Any CPU
		Release|Any CPU = Release|Any CPU
	EndGlobalSection
	GlobalSection(ProjectConfigurationPlatforms) = postSolution
		{F5A4F456-9199-45CA-A934-E6EC972A3737}.Debug|Any CPU.ActiveCfg = Debug|Any CPU
		{F5A4F456-9199-45CA-A934-E6EC972A3737}.Debug|Any CPU.Build.0 = Debug|Any CPU
		{F5A4F456-9199-45CA-A934-E6EC972A3737}.Release|Any CPU.ActiveCfg = Release|Any CPU
		{F5A4F456-9199-45CA-A934-E6EC972A3737}.Release|Any CPU.Build.0 = Release|Any CPU
		{3E2D6B10-0227-403D-85B8-3C16C6BD4E27}.Debug|Any CPU.ActiveCfg = Debug|Any CPU
		{3E2D6B10-0227-403D-85B8-3C16C6BD4E27}.Debug|Any CPU.Build.0 = Debug|Any CPU
		{3E2D6B10-0227-403D-85B8-3C16C6BD4E27}.Release|Any CPU.ActiveCfg = Release|Any CPU
		{3E2D6B10-0227-403D-85B8-3C16C6BD4E27}.Release|Any CPU.Build.0 = Release|Any CPU
	EndGlobalSection
EndGlobal
